
Microsoft Visual Studio Solution File, Format Version 12.00
# Visual Studio Version 17
VisualStudioVersion = 17.14.36203.30
MinimumVisualStudioVersion = 10.0.40219.1
Project("{FAE04EC0-301F-11D3-BF4B-00C04F79EFBC}") = "UnicomTICManagementSystem", "UnicomTICManagementSystem\UnicomTICManagementSystem.csproj", "{6EADC77B-36E1-440C-9E3B-794F5D389C27}"
EndProject
Global
	GlobalSection(SolutionConfigurationPlatforms) = preSolution
		Debug|Any CPU = Debug|Any CPU
		Release|Any CPU = Release|Any CPU
	EndGlobalSection
	GlobalSection(ProjectConfigurationPlatforms) = postSolution
		{6EADC77B-36E1-440C-9E3B-794F5D389C27}.Debug|Any CPU.ActiveCfg = Debug|Any CPU
		{6EADC77B-36E1-440C-9E3B-794F5D389C27}.Debug|Any CPU.Build.0 = Debug|Any CPU
		{6EADC77B-36E1-440C-9E3B-794F5D389C27}.Release|Any CPU.ActiveCfg = Release|Any CPU
		{6EADC77B-36E1-440C-9E3B-794F5D389C27}.Release|Any CPU.Build.0 = Release|Any CPU
	EndGlobalSection
	GlobalSection(SolutionProperties) = preSolution
		HideSolutionNode = FALSE
	EndGlobalSection
	GlobalSection(ExtensibilityGlobals) = postSolution
		SolutionGuid = {CE1F6D62-8596-4E1F-8B79-7F8075975804}
	EndGlobalSection
EndGlobal
